
Microsoft Visual Studio Solution File, Format Version 12.00
# Visual Studio Version 17
VisualStudioVersion = 17.3.32804.467
MinimumVisualStudioVersion = 10.0.40219.1
Project("{FAE04EC0-301F-11D3-BF4B-00C04F79EFBC}") = "WebFastFinder", "WebFastFinder.csproj", "{07F78C6E-2635-4A42-8D14-80C46A97EB6E}"
EndProject
Global
	GlobalSection(SolutionConfigurationPlatforms) = preSolution
		Debug|Any CPU = Debug|Any CPU
		Release|Any CPU = Release|Any CPU
	EndGlobalSection
	GlobalSection(ProjectConfigurationPlatforms) = postSolution
		{07F78C6E-2635-4A42-8D14-80C46A97EB6E}.Debug|Any CPU.ActiveCfg = Debug|Any CPU
		{07F78C6E-2635-4A42-8D14-80C46A97EB6E}.Debug|Any CPU.Build.0 = Debug|Any CPU
		{07F78C6E-2635-4A42-8D14-80C46A97EB6E}.Release|Any CPU.ActiveCfg = Release|Any CPU
		{07F78C6E-2635-4A42-8D14-80C46A97EB6E}.Release|Any CPU.Build.0 = Release|Any CPU
	EndGlobalSection
	GlobalSection(SolutionProperties) = preSolution
		HideSolutionNode = FALSE
	EndGlobalSection
	GlobalSection(ExtensibilityGlobals) = postSolution
		SolutionGuid = {50C2C2E3-3707-4C4F-92F5-B399E5B9C8EC}
	EndGlobalSection
EndGlobal
